
Microsoft Visual Studio Solution File, Format Version 12.00
# Visual Studio Version 17
VisualStudioVersion = 17.14.36804.6 d17.14
MinimumVisualStudioVersion = 10.0.40219.1
Project("{FAE04EC0-301F-11D3-BF4B-00C04F79EFBC}") = "AssesC#", "AssesC#\AssesC#.csproj", "{894AC60D-BAD3-465E-BC2F-126D17D6F782}"
EndProject
Global
	GlobalSection(SolutionConfigurationPlatforms) = preSolution
		Debug|Any CPU = Debug|Any CPU
		Release|Any CPU = Release|Any CPU
	EndGlobalSection
	GlobalSection(ProjectConfigurationPlatforms) = postSolution
		{894AC60D-BAD3-465E-BC2F-126D17D6F782}.Debug|Any CPU.ActiveCfg = Debug|Any CPU
		{894AC60D-BAD3-465E-BC2F-126D17D6F782}.Debug|Any CPU.Build.0 = Debug|Any CPU
		{894AC60D-BAD3-465E-BC2F-126D17D6F782}.Release|Any CPU.ActiveCfg = Release|Any CPU
		{894AC60D-BAD3-465E-BC2F-126D17D6F782}.Release|Any CPU.Build.0 = Release|Any CPU
	EndGlobalSection
	GlobalSection(SolutionProperties) = preSolution
		HideSolutionNode = FALSE
	EndGlobalSection
	GlobalSection(ExtensibilityGlobals) = postSolution
		SolutionGuid = {A7F58A08-A9B5-4C75-B72B-B7309ACEA5B8}
	EndGlobalSection
EndGlobal
